
Microsoft Visual Studio Solution File, Format Version 12.00
# Visual Studio Version 17
VisualStudioVersion = 17.0.31903.59
MinimumVisualStudioVersion = 10.0.40219.1
Project("{2150E333-8FDC-42A3-9474-1A3956D46DE8}") = "src", "src", "{827E0CD3-B72D-47B6-A68D-7590B98EB39B}"
EndProject
Project("{FAE04EC0-301F-11D3-BF4B-00C04F79EFBC}") = "ChatBot.Api", "src\ChatBot.Api\ChatBot.Api.csproj", "{6BC97016-65BB-4D03-A9D4-BF87B43219F3}"
EndProject
Project("{FAE04EC0-301F-11D3-BF4B-00C04F79EFBC}") = "ChatBot.Application", "src\ChatBot.Application\ChatBot.Application.csproj", "{A9C91C66-C991-4F9F-BDC3-EB62E29B83EA}"
EndProject
Project("{FAE04EC0-301F-11D3-BF4B-00C04F79EFBC}") = "ChatBot.Domain", "src\ChatBot.Domain\ChatBot.Domain.csproj", "{045BFA46-7799-436E-860E-D92D5F7FC01F}"
EndProject
Project("{FAE04EC0-301F-11D3-BF4B-00C04F79EFBC}") = "ChatBot.Infrastructure", "src\ChatBot.Infrastructure\ChatBot.Infrastructure.csproj", "{C3AB8B5A-755B-4310-B761-05B7E1380E77}"
EndProject
Project("{FAE04EC0-301F-11D3-BF4B-00C04F79EFBC}") = "ChatBot.Shared", "src\ChatBot.Shared\ChatBot.Shared.csproj", "{5167B588-F9EF-418B-BC0B-F678A63608A1}"
EndProject
Project("{2150E333-8FDC-42A3-9474-1A3956D46DE8}") = "tests", "tests", "{0AB3BF05-4346-4AA6-1389-037BE0695223}"
EndProject
Project("{FAE04EC0-301F-11D3-BF4B-00C04F79EFBC}") = "ChatBot.UnitTests", "tests\ChatBot.UnitTests\ChatBot.UnitTests.csproj", "{4AEBA145-6CB9-4CC8-97C8-60D6CD64A458}"
EndProject
Project("{FAE04EC0-301F-11D3-BF4B-00C04F79EFBC}") = "ChatBot.IntegrationTests", "tests\ChatBot.IntegrationTests\ChatBot.IntegrationTests.csproj", "{7451F0B9-4C2F-4289-96E0-E6DC752833CA}"
EndProject
Project("{FAE04EC0-301F-11D3-BF4B-00C04F79EFBC}") = "ChatBot.ArchitectureTests", "tests\ChatBot.ArchitectureTests\ChatBot.ArchitectureTests.csproj", "{1A07FCF8-79DA-447E-A9E0-9337E0E8057E}"
EndProject
Global
	GlobalSection(SolutionConfigurationPlatforms) = preSolution
		Debug|Any CPU = Debug|Any CPU
		Debug|x64 = Debug|x64
		Debug|x86 = Debug|x86
		Release|Any CPU = Release|Any CPU
		Release|x64 = Release|x64
		Release|x86 = Release|x86
	EndGlobalSection
	GlobalSection(ProjectConfigurationPlatforms) = postSolution
		{6BC97016-65BB-4D03-A9D4-BF87B43219F3}.Debug|Any CPU.ActiveCfg = Debug|Any CPU
		{6BC97016-65BB-4D03-A9D4-BF87B43219F3}.Debug|Any CPU.Build.0 = Debug|Any CPU
		{6BC97016-65BB-4D03-A9D4-BF87B43219F3}.Debug|x64.ActiveCfg = Debug|Any CPU
		{6BC97016-65BB-4D03-A9D4-BF87B43219F3}.Debug|x64.Build.0 = Debug|Any CPU
		{6BC97016-65BB-4D03-A9D4-BF87B43219F3}.Debug|x86.ActiveCfg = Debug|Any CPU
		{6BC97016-65BB-4D03-A9D4-BF87B43219F3}.Debug|x86.Build.0 = Debug|Any CPU
		{6BC97016-65BB-4D03-A9D4-BF87B43219F3}.Release|Any CPU.ActiveCfg = Release|Any CPU
		{6BC97016-65BB-4D03-A9D4-BF87B43219F3}.Release|Any CPU.Build.0 = Release|Any CPU
		{6BC97016-65BB-4D03-A9D4-BF87B43219F3}.Release|x64.ActiveCfg = Release|Any CPU
		{6BC97016-65BB-4D03-A9D4-BF87B43219F3}.Release|x64.Build.0 = Release|Any CPU
		{6BC97016-65BB-4D03-A9D4-BF87B43219F3}.Release|x86.ActiveCfg = Release|Any CPU
		{6BC97016-65BB-4D03-A9D4-BF87B43219F3}.Release|x86.Build.0 = Release|Any CPU
		{A9C91C66-C991-4F9F-BDC3-EB62E29B83EA}.Debug|Any CPU.ActiveCfg = Debug|Any CPU
		{A9C91C66-C991-4F9F-BDC3-EB62E29B83EA}.Debug|Any CPU.Build.0 = Debug|Any CPU
		{A9C91C66-C991-4F9F-BDC3-EB62E29B83EA}.Debug|x64.ActiveCfg = Debug|Any CPU
		{A9C91C66-C991-4F9F-BDC3-EB62E29B83EA}.Debug|x64.Build.0 = Debug|Any CPU
		{A9C91C66-C991-4F9F-BDC3-EB62E29B83EA}.Debug|x86.ActiveCfg = Debug|Any CPU
		{A9C91C66-C991-4F9F-BDC3-EB62E29B83EA}.Debug|x86.Build.0 = Debug|Any CPU
		{A9C91C66-C991-4F9F-BDC3-EB62E29B83EA}.Release|Any CPU.ActiveCfg = Release|Any CPU
		{A9C91C66-C991-4F9F-BDC3-EB62E29B83EA}.Release|Any CPU.Build.0 = Release|Any CPU
		{A9C91C66-C991-4F9F-BDC3-EB62E29B83EA}.Release|x64.ActiveCfg = Release|Any CPU
		{A9C91C66-C991-4F9F-BDC3-EB62E29B83EA}.Release|x64.Build.0 = Release|Any CPU
		{A9C91C66-C991-4F9F-BDC3-EB62E29B83EA}.Release|x86.ActiveCfg = Release|Any CPU
		{A9C91C66-C991-4F9F-BDC3-EB62E29B83EA}.Release|x86.Build.0 = Release|Any CPU
		{045BFA46-7799-436E-860E-D92D5F7FC01F}.Debug|Any CPU.ActiveCfg = Debug|Any CPU
		{045BFA46-7799-436E-860E-D92D5F7FC01F}.Debug|Any CPU.Build.0 = Debug|Any CPU
		{045BFA46-7799-436E-860E-D92D5F7FC01F}.Debug|x64.ActiveCfg = Debug|Any CPU
		{045BFA46-7799-436E-860E-D92D5F7FC01F}.Debug|x64.Build.0 = Debug|Any CPU
		{045BFA46-7799-436E-860E-D92D5F7FC01F}.Debug|x86.ActiveCfg = Debug|Any CPU
		{045BFA46-7799-436E-860E-D92D5F7FC01F}.Debug|x86.Build.0 = Debug|Any CPU
		{045BFA46-7799-436E-860E-D92D5F7FC01F}.Release|Any CPU.ActiveCfg = Release|Any CPU
		{045BFA46-7799-436E-860E-D92D5F7FC01F}.Release|Any CPU.Build.0 = Release|Any CPU
		{045BFA46-7799-436E-860E-D92D5F7FC01F}.Release|x64.ActiveCfg = Release|Any CPU
		{045BFA46-7799-436E-860E-D92D5F7FC01F}.Release|x64.Build.0 = Release|Any CPU
		{045BFA46-7799-436E-860E-D92D5F7FC01F}.Release|x86.ActiveCfg = Release|Any CPU
		{045BFA46-7799-436E-860E-D92D5F7FC01F}.Release|x86.Build.0 = Release|Any CPU
		{C3AB8B5A-755B-4310-B761-05B7E1380E77}.Debug|Any CPU.ActiveCfg = Debug|Any CPU
		{C3AB8B5A-755B-4310-B761-05B7E1380E77}.Debug|Any CPU.Build.0 = Debug|Any CPU
		{C3AB8B5A-755B-4310-B761-05B7E1380E77}.Debug|x64.ActiveCfg = Debug|Any CPU
		{C3AB8B5A-755B-4310-B761-05B7E1380E77}.Debug|x64.Build.0 = Debug|Any CPU
		{C3AB8B5A-755B-4310-B761-05B7E1380E77}.Debug|x86.ActiveCfg = Debug|Any CPU
		{C3AB8B5A-755B-4310-B761-05B7E1380E77}.Debug|x86.Build.0 = Debug|Any CPU
		{C3AB8B5A-755B-4310-B761-05B7E1380E77}.Release|Any CPU.ActiveCfg = Release|Any CPU
		{C3AB8B5A-755B-4310-B761-05B7E1380E77}.Release|Any CPU.Build.0 = Release|Any CPU
		{C3AB8B5A-755B-4310-B761-05B7E1380E77}.Release|x64.ActiveCfg = Release|Any CPU
		{C3AB8B5A-755B-4310-B761-05B7E1380E77}.Release|x64.Build.0 = Release|Any CPU
		{C3AB8B5A-755B-4310-B761-05B7E1380E77}.Release|x86.ActiveCfg = Release|Any CPU
		{C3AB8B5A-755B-4310-B761-05B7E1380E77}.Release|x86.Build.0 = Release|Any CPU
		{5167B588-F9EF-418B-BC0B-F678A63608A1}.Debug|Any CPU.ActiveCfg = Debug|Any CPU
		{5167B588-F9EF-418B-BC0B-F678A63608A1}.Debug|Any CPU.Build.0 = Debug|Any CPU
		{5167B588-F9EF-418B-BC0B-F678A63608A1}.Debug|x64.ActiveCfg = Debug|Any CPU
		{5167B588-F9EF-418B-BC0B-F678A63608A1}.Debug|x64.Build.0 = Debug|Any CPU
		{5167B588-F9EF-418B-BC0B-F678A63608A1}.Debug|x86.ActiveCfg = Debug|Any CPU
		{5167B588-F9EF-418B-BC0B-F678A63608A1}.Debug|x86.Build.0 = Debug|Any CPU
		{5167B588-F9EF-418B-BC0B-F678A63608A1}.Release|Any CPU.ActiveCfg = Release|Any CPU
		{5167B588-F9EF-418B-BC0B-F678A63608A1}.Release|Any CPU.Build.0 = Release|Any CPU
		{5167B588-F9EF-418B-BC0B-F678A63608A1}.Release|x64.ActiveCfg = Release|Any CPU
		{5167B588-F9EF-418B-BC0B-F678A63608A1}.Release|x64.Build.0 = Release|Any CPU
		{5167B588-F9EF-418B-BC0B-F678A63608A1}.Release|x86.ActiveCfg = Release|Any CPU
		{5167B588-F9EF-418B-BC0B-F678A63608A1}.Release|x86.Build.0 = Release|Any CPU
		{4AEBA145-6CB9-4CC8-97C8-60D6CD64A458}.Debug|Any CPU.ActiveCfg = Debug|Any CPU
		{4AEBA145-6CB9-4CC8-97C8-60D6CD64A458}.Debug|Any CPU.Build.0 = Debug|Any CPU
		{4AEBA145-6CB9-4CC8-97C8-60D6CD64A458}.Debug|x64.ActiveCfg = Debug|Any CPU
		{4AEBA145-6CB9-4CC8-97C8-60D6CD64A458}.Debug|x64.Build.0 = Debug|Any CPU
		{4AEBA145-6CB9-4CC8-97C8-60D6CD64A458}.Debug|x86.ActiveCfg = Debug|Any CPU
		{4AEBA145-6CB9-4CC8-97C8-60D6CD64A458}.Debug|x86.Build.0 = Debug|Any CPU
		{4AEBA145-6CB9-4CC8-97C8-60D6CD64A458}.Release|Any CPU.ActiveCfg = Release|Any CPU
		{4AEBA145-6CB9-4CC8-97C8-60D6CD64A458}.Release|Any CPU.Build.0 = Release|Any CPU
		{4AEBA145-6CB9-4CC8-97C8-60D6CD64A458}.Release|x64.ActiveCfg = Release|Any CPU
		{4AEBA145-6CB9-4CC8-97C8-60D6CD64A458}.Release|x64.Build.0 = Release|Any CPU
		{4AEBA145-6CB9-4CC8-97C8-60D6CD64A458}.Release|x86.ActiveCfg = Release|Any CPU
		{4AEBA145-6CB9-4CC8-97C8-60D6CD64A458}.Release|x86.Build.0 = Release|Any CPU
		{7451F0B9-4C2F-4289-96E0-E6DC752833CA}.Debug|Any CPU.ActiveCfg = Debug|Any CPU
		{7451F0B9-4C2F-4289-96E0-E6DC752833CA}.Debug|Any CPU.Build.0 = Debug|Any CPU
		{7451F0B9-4C2F-4289-96E0-E6DC752833CA}.Debug|x64.ActiveCfg = Debug|Any CPU
		{7451F0B9-4C2F-4289-96E0-E6DC752833CA}.Debug|x64.Build.0 = Debug|Any CPU
		{7451F0B9-4C2F-4289-96E0-E6DC752833CA}.Debug|x86.ActiveCfg = Debug|Any CPU
		{7451F0B9-4C2F-4289-96E0-E6DC752833CA}.Debug|x86.Build.0 = Debug|Any CPU
		{7451F0B9-4C2F-4289-96E0-E6DC752833CA}.Release|Any CPU.ActiveCfg = Release|Any CPU
		{7451F0B9-4C2F-4289-96E0-E6DC752833CA}.Release|Any CPU.Build.0 = Release|Any CPU
		{7451F0B9-4C2F-4289-96E0-E6DC752833CA}.Release|x64.ActiveCfg = Release|Any CPU
		{7451F0B9-4C2F-4289-96E0-E6DC752833CA}.Release|x64.Build.0 = Release|Any CPU
		{7451F0B9-4C2F-4289-96E0-E6DC752833CA}.Release|x86.ActiveCfg = Release|Any CPU
		{7451F0B9-4C2F-4289-96E0-E6DC752833CA}.Release|x86.Build.0 = Release|Any CPU
		{1A07FCF8-79DA-447E-A9E0-9337E0E8057E}.Debug|Any CPU.ActiveCfg = Debug|Any CPU
		{1A07FCF8-79DA-447E-A9E0-9337E0E8057E}.Debug|Any CPU.Build.0 = Debug|Any CPU
		{1A07FCF8-79DA-447E-A9E0-9337E0E8057E}.Debug|x64.ActiveCfg = Debug|Any CPU
		{1A07FCF8-79DA-447E-A9E0-9337E0E8057E}.Debug|x64.Build.0 = Debug|Any CPU
		{1A07FCF8-79DA-447E-A9E0-9337E0E8057E}.Debug|x86.ActiveCfg = Debug|Any CPU
		{1A07FCF8-79DA-447E-A9E0-9337E0E8057E}.Debug|x86.Build.0 = Debug|Any CPU
		{1A07FCF8-79DA-447E-A9E0-9337E0E8057E}.Release|Any CPU.ActiveCfg = Release|Any CPU
		{1A07FCF8-79DA-447E-A9E0-9337E0E8057E}.Release|Any CPU.Build.0 = Release|Any CPU
		{1A07FCF8-79DA-447E-A9E0-9337E0E8057E}.Release|x64.ActiveCfg = Release|Any CPU
		{1A07FCF8-79DA-447E-A9E0-9337E0E8057E}.Release|x64.Build.0 = Release|Any CPU
		{1A07FCF8-79DA-447E-A9E0-9337E0E8057E}.Release|x86.ActiveCfg = Release|Any CPU
		{1A07FCF8-79DA-447E-A9E0-9337E0E8057E}.Release|x86.Build.0 = Release|Any CPU
	EndGlobalSection
	GlobalSection(SolutionProperties) = preSolution
		HideSolutionNode = FALSE
	EndGlobalSection
	GlobalSection(NestedProjects) = preSolution
		{6BC97016-65BB-4D03-A9D4-BF87B43219F3} = {827E0CD3-B72D-47B6-A68D-7590B98EB39B}
		{A9C91C66-C991-4F9F-BDC3-EB62E29B83EA} = {827E0CD3-B72D-47B6-A68D-7590B98EB39B}
		{045BFA46-7799-436E-860E-D92D5F7FC01F} = {827E0CD3-B72D-47B6-A68D-7590B98EB39B}
		{C3AB8B5A-755B-4310-B761-05B7E1380E77} = {827E0CD3-B72D-47B6-A68D-7590B98EB39B}
		{5167B588-F9EF-418B-BC0B-F678A63608A1} = {827E0CD3-B72D-47B6-A68D-7590B98EB39B}
		{4AEBA145-6CB9-4CC8-97C8-60D6CD64A458} = {0AB3BF05-4346-4AA6-1389-037BE0695223}
		{7451F0B9-4C2F-4289-96E0-E6DC752833CA} = {0AB3BF05-4346-4AA6-1389-037BE0695223}
		{1A07FCF8-79DA-447E-A9E0-9337E0E8057E} = {0AB3BF05-4346-4AA6-1389-037BE0695223}
	EndGlobalSection
EndGlobal
